{
  "name": "interactive-charts",
  "version": "3.5.0",
  "lockfileVersion": 1,
  "dependencies": {
    "requirejs-domready": {
      "version": "2.0.3",
      "resolved": "https://artifacts.onetv.aol.com/artifactory/api/npm/npm-all/requirejs-domready/-/requirejs-domready-2.0.3.tgz",
      "integrity": "sha1-BJ2xlljPrAdIWVLTUhMFq4NtrFI="
    }
  }
}
